
Microsoft Visual Studio Solution File, Format Version 12.00
# Visual Studio Version 16
VisualStudioVersion = 25.0.1705.5
MinimumVisualStudioVersion = 10.0.40219.1
Project("{FAE04EC0-301F-11D3-BF4B-00C04F79EFBC}") = "WhatsAppMessage", "WhatsAppMessage\WhatsAppMessage.csproj", "{7523501C-3BDB-4294-8DC7-2CB953453383}"
EndProject
Global
	GlobalSection(SolutionConfigurationPlatforms) = preSolution
		Debug|Any CPU = Debug|Any CPU
		Release|Any CPU = Release|Any CPU
	EndGlobalSection
	GlobalSection(ProjectConfigurationPlatforms) = postSolution
		{7523501C-3BDB-4294-8DC7-2CB953453383}.Debug|Any CPU.ActiveCfg = Debug|Any CPU
		{7523501C-3BDB-4294-8DC7-2CB953453383}.Debug|Any CPU.Build.0 = Debug|Any CPU
		{7523501C-3BDB-4294-8DC7-2CB953453383}.Release|Any CPU.ActiveCfg = Release|Any CPU
		{7523501C-3BDB-4294-8DC7-2CB953453383}.Release|Any CPU.Build.0 = Release|Any CPU
	EndGlobalSection
	GlobalSection(SolutionProperties) = preSolution
		HideSolutionNode = FALSE
	EndGlobalSection
	GlobalSection(ExtensibilityGlobals) = postSolution
		SolutionGuid = {AACADD7D-BA28-442B-A9A9-90A0301C1EE6}
	EndGlobalSection
EndGlobal
